
Microsoft Visual Studio Solution File, Format Version 12.00
# Visual Studio Version 17
VisualStudioVersion = 17.14.36915.13 d17.14
MinimumVisualStudioVersion = 10.0.40219.1
Project("{FAE04EC0-301F-11D3-BF4B-00C04F79EFBC}") = "shipmentmgmt_WebapiCore", "shipmentmgmt_WebapiCore\shipmentmgmt_WebapiCore.csproj", "{E6D2266D-866D-4EAF-A0D0-4895DD4C9783}"
EndProject
Global
	GlobalSection(SolutionConfigurationPlatforms) = preSolution
		Debug|Any CPU = Debug|Any CPU
		Release|Any CPU = Release|Any CPU
	EndGlobalSection
	GlobalSection(ProjectConfigurationPlatforms) = postSolution
		{E6D2266D-866D-4EAF-A0D0-4895DD4C9783}.Debug|Any CPU.ActiveCfg = Debug|Any CPU
		{E6D2266D-866D-4EAF-A0D0-4895DD4C9783}.Debug|Any CPU.Build.0 = Debug|Any CPU
		{E6D2266D-866D-4EAF-A0D0-4895DD4C9783}.Release|Any CPU.ActiveCfg = Release|Any CPU
		{E6D2266D-866D-4EAF-A0D0-4895DD4C9783}.Release|Any CPU.Build.0 = Release|Any CPU
	EndGlobalSection
	GlobalSection(SolutionProperties) = preSolution
		HideSolutionNode = FALSE
	EndGlobalSection
	GlobalSection(ExtensibilityGlobals) = postSolution
		SolutionGuid = {849C3A6B-A28B-4008-9C08-4758D40DE702}
	EndGlobalSection
EndGlobal
